// !$*UTF8*$!
{
	archiveVersion = 1;
	classes = {
	};
	objectVersion = 46;
	objects = {

/* Begin PBXBuildFile section */
		228F166B1F1B30A000AF90B2 /* main.m in Sources */ = {isa = PBXBuildFile; fileRef = 228F166A1F1B30A000AF90B2 /* main.m */; };
		228F166E1F1B30A000AF90B2 /* AppDelegate.m in Sources */ = {isa = PBXBuildFile; fileRef = 228F166D1F1B30A000AF90B2 /* AppDelegate.m */; };
		228F16711F1B30A000AF90B2 /* ViewController.m in Sources */ = {isa = PBXBuildFile; fileRef = 228F16701F1B30A000AF90B2 /* ViewController.m */; };
		228F16741F1B30A000AF90B2 /* Main.storyboard in Resources */ = {isa = PBXBuildFile; fileRef = 228F16721F1B30A000AF90B2 /* Main.storyboard */; };
		228F16761F1B30A000AF90B2 /* Assets.xcassets in Resources */ = {isa = PBXBuildFile; fileRef = 228F16751F1B30A000AF90B2 /* Assets.xcassets */; };
		228F16791F1B30A000AF90B2 /* LaunchScreen.storyboard in Resources */ = {isa = PBXBuildFile; fileRef = 228F16771F1B30A000AF90B2 /* LaunchScreen.storyboard */; };
/* End PBXBuildFile section */

/* Begin PBXFileReference section */
		228F16661F1B30A000AF90B2 /* propertReview.app */ = {isa = PBXFileReference; explicitFileType = wrapper.application; includeInIndex = 0; path = propertReview.app; sourceTree = BUILT_PRODUCTS_DIR; };
		228F166A1F1B30A000AF90B2 /* main.m */ = {isa = PBXFileReference; lastKnownFileType = sourcecode.c.objc; path = main.m; sourceTree = "<group>"; };
		228F166C1F1B30A000AF90B2 /* AppDelegate.h */ = {isa = PBXFileReference; lastKnownFileType = sourcecode.c.h; path = AppDelegate.h; sourceTree = "<group>"; };
		228F166D1F1B30A000AF90B2 /* AppDelegate.m */ = {isa = PBXFileReference; lastKnownFileType = sourcecode.c.objc; path = AppDelegate.m; sourceTree = "<group>"; };
		228F166F1F1B30A000AF90B2 /* ViewController.h */ = {isa = PBXFileReference; lastKnownFileType = sourcecode.c.h; path = ViewController.h; sourceTree = "<group>"; };
		228F16701F1B30A000AF90B2 /* ViewController.m */ = {isa = PBXFileReference; lastKnownFileType = sourcecode.c.objc; path = ViewController.m; sourceTree = "<group>"; };
		228F16731F1B30A000AF90B2 /* Base */ = {isa = PBXFileReference; lastKnownFileType = file.storyboard; name = Base; path = Base.lproj/Main.storyboard; sourceTree = "<group>"; };
		228F16751F1B30A000AF90B2 /* Assets.xcassets */ = {isa = PBXFileReference; lastKnownFileType = folder.assetcatalog; path = Assets.xcassets; sourceTree = "<group>"; };
		228F16781F1B30A000AF90B2 /* Base */ = {isa = PBXFileReference; lastKnownFileType = file.storyboard; name = Base; path = Base.lproj/LaunchScreen.storyboard; sourceTree = "<group>"; };
		228F167A1F1B30A000AF90B2 /* Info.plist */ = {isa = PBXFileReference; lastKnownFileType = text.plist.xml; path = Info.plist; sourceTree = "<group>"; };
/* End PBXFileReference section */

/* Begin PBXFrameworksBuildPhase section */
		228F16631F1B30A000AF90B2 /* Frameworks */ = {
			isa = PBXFrameworksBuildPhase;
			buildActionMask = 2147483647;
			files = (
			);
			runOnlyForDeploymentPostprocessing = 0;
		};
/* End PBXFrameworksBuildPhase section */

/* Begin PBXGroup section */
		228F165D1F1B30A000AF90B2 = {
			isa = PBXGroup;
			children = (
				228F16681F1B30A000AF90B2 /* propertReview */,
				228F16671F1B30A000AF90B2 /* Products */,
			);
			sourceTree = "<group>";
		};
		228F16671F1B30A000AF90B2 /* Products */ = {
			isa = PBXGroup;
			children = (
				228F16661F1B30A000AF90B2 /* propertReview.app */,
			);
			name = Products;
			sourceTree = "<group>";
		};
		228F16681F1B30A000AF90B2 /* propertReview */ = {
			isa = PBXGroup;
			children = (
				228F166C1F1B30A000AF90B2 /* AppDelegate.h */,
				228F166D1F1B30A000AF90B2 /* AppDelegate.m */,
				228F166F1F1B30A000AF90B2 /* ViewController.h */,
				228F16701F1B30A000AF90B2 /* ViewController.m */,
				228F16721F1B30A000AF90B2 /* Main.storyboard */,
				228F16751F1B30A000AF90B2 /* Assets.xcassets */,
				228F16771F1B30A000AF90B2 /* LaunchScreen.storyboard */,
				228F167A1F1B30A000AF90B2 /* Info.plist */,
				228F16691F1B30A000AF90B2 /* Supporting Files */,
			);
			path = propertReview;
			sourceTree = "<group>";
		};
		228F16691F1B30A000AF90B2 /* Supporting Files */ = {
			isa = PBXGroup;
			children = (
				228F166A1F1B30A000AF90B2 /* main.m */,
			);
			name = "Supporting Files";
			sourceTree = "<group>";
		};
/* End PBXGroup section */

/* Begin PBXNativeTarget section */
		228F16651F1B30A000AF90B2 /* propertReview */ = {
			isa = PBXNativeTarget;
			buildConfigurationList = 228F167D1F1B30A000AF90B2 /* Build configuration list for PBXNativeTarget "propertReview" */;
			buildPhases = (
				228F16621F1B30A000AF90B2 /* Sources */,
				228F16631F1B30A000AF90B2 /* Frameworks */,
				228F16641F1B30A000AF90B2 /* Resources */,
			);
			buildRules = (
			);
			dependencies = (
			);
			name = propertReview;
			productName = propertReview;
			productReference = 228F16661F1B30A000AF90B2 /* propertReview.app */;
			productType = "com.apple.product-type.application";
		};
/* End PBXNativeTarget section */

/* Begin PBXProject section */
		228F165E1F1B30A000AF90B2 /* Project object */ = {
			isa = PBXProject;
			attributes = {
				LastUpgradeCheck = 0830;
				ORGANIZATIONNAME = "Shaan Mirchandani";
				TargetAttributes = {
					228F16651F1B30A000AF90B2 = {
						CreatedOnToolsVersion = 8.3.3;
						ProvisioningStyle = Automatic;
					};
				};
			};
			buildConfigurationList = 228F16611F1B30A000AF90B2 /* Build configuration list for PBXProject "propertReview" */;
			compatibilityVersion = "Xcode 3.2";
			developmentRegion = English;
			hasScannedForEncodings = 0;
			knownRegions = (
				en,
				Base,
			);
			mainGroup = 228F165D1F1B30A000AF90B2;
			productRefGroup = 228F16671F1B30A000AF90B2 /* Products */;
			projectDirPath = "";
			projectRoot = "";
			targets = (
				228F16651F1B30A000AF90B2 /* propertReview */,
			);
		};
/* End PBXProject section */

/* Begin PBXResourcesBuildPhase section */
		228F16641F1B30A000AF90B2 /* Resources */ = {
			isa = PBXResourcesBuildPhase;
			buildActionMask = 2147483647;
			files = (
				228F16791F1B30A000AF90B2 /* LaunchScreen.storyboard in Resources */,
				228F16761F1B30A000AF90B2 /* Assets.xcassets in Resources */,
				228F16741F1B30A000AF90B2 /* Main.storyboard in Resources */,
			);
			runOnlyForDeploymentPostprocessing = 0;
		};
/* End PBXResourcesBuildPhase section */

/* Begin PBXSourcesBuildPhase section */
		228F16621F1B30A000AF90B2 /* Sources */ = {
			isa = PBXSourcesBuildPhase;
			buildActionMask = 2147483647;
			files = (
				228F16711F1B30A000AF90B2 /* ViewController.m in Sources */,
				228F166E1F1B30A000AF90B2 /* AppDelegate.m in Sources */,
				228F166B1F1B30A000AF90B2 /* main.m in Sources */,
			);
			runOnlyForDeploymentPostprocessing = 0;
		};
/* End PBXSourcesBuildPhase section */

/* Begin PBXVariantGroup section */
		228F16721F1B30A000AF90B2 /* Main.storyboard */ = {
			isa = PBXVariantGroup;
			children = (
				228F16731F1B30A000AF90B2 /* Base */,
			);
			name = Main.storyboard;
			sourceTree = "<group>";
		};
		228F16771F1B30A000AF90B2 /* LaunchScreen.storyboard */ = {
			isa = PBXVariantGroup;
			children = (
				228F16781F1B30A000AF90B2 /* Base */,
			);
			name = LaunchScreen.storyboard;
			sourceTree = "<group>";
		};
/* End PBXVariantGroup section */

/* Begin XCBuildConfiguration section */
		228F167B1F1B30A000AF90B2 /* Debug */ = {
			isa = XCBuildConfiguration;
			buildSettings = {
				ALWAYS_SEARCH_USER_PATHS = NO;
				CLANG_ANALYZER_NONNULL = YES;
				CLANG_ANALYZER_NUMBER_OBJECT_CONVERSION = YES_AGGRESSIVE;
				CLANG_CXX_LANGUAGE_STANDARD = "gnu++0x";
				CLANG_CXX_LIBRARY = "libc++";
				CLANG_ENABLE_MODULES = YES;
				CLANG_ENABLE_OBJC_ARC = YES;
				CLANG_WARN_BOOL_CONVERSION = YES;
				CLANG_WARN_CONSTANT_CONVERSION = YES;
				CLANG_WARN_DIRECT_OBJC_ISA_USAGE = YES_ERROR;
				CLANG_WARN_DOCUMENTATION_COMMENTS = YES;
				CLANG_WARN_EMPTY_BODY = YES;
				CLANG_WARN_ENUM_CONVERSION = YES;
				CLANG_WARN_INFINITE_RECURSION = YES;
				CLANG_WARN_INT_CONVERSION = YES;
				CLANG_WARN_OBJC_ROOT_CLASS = YES_ERROR;
				CLANG_WARN_SUSPICIOUS_MOVE = YES;
				CLANG_WARN_UNREACHABLE_CODE = YES;
				CLANG_WARN__DUPLICATE_METHOD_MATCH = YES;
				"CODE_SIGN_IDENTITY[sdk=iphoneos*]" = "iPhone Developer";
				COPY_PHASE_STRIP = NO;
				DEBUG_INFORMATION_FORMAT = dwarf;
				ENABLE_STRICT_OBJC_MSGSEND = YES;
				ENABLE_TESTABILITY = YES;
				GCC_C_LANGUAGE_STANDARD = gnu99;
				GCC_DYNAMIC_NO_PIC = NO;
				GCC_NO_COMMON_BLOCKS = YES;
				GCC_OPTIMIZATION_LEVEL = 0;
				GCC_PREPROCESSOR_DEFINITIONS = (
					"DEBUG=1",
					"$(inherited)",
				);
				GCC_WARN_64_TO_32_BIT_CONVERSION = YES;
				GCC_WARN_ABOUT_RETURN_TYPE = YES_ERROR;
				GCC_WARN_UNDECLARED_SELECTOR = YES;
				GCC_WARN_UNINITIALIZED_AUTOS = YES_AGGRESSIVE;
				GCC_WARN_UNUSED_FUNCTION = YES;
				GCC_WARN_UNUSED_VARIABLE = YES;
				IPHONEOS_DEPLOYMENT_TARGET = 10.3;
				MTL_ENABLE_DEBUG_INFO = YES;
				ONLY_ACTIVE_ARCH = YES;
				SDKROOT = iphoneos;
				TARGETED_DEVICE_FAMILY = "1,2";
			};
			name = Debug;
		};
		228F167C1F1B30A000AF90B2 /* Release */ = {
			isa = XCBuildConfiguration;
			buildSettings = {
				ALWAYS_SEARCH_USER_PATHS = NO;
				CLANG_ANALYZER_NONNULL = YES;
				CLANG_ANALYZER_NUMBER_OBJECT_CONVERSION = YES_AGGRESSIVE;
				CLANG_CXX_LANGUAGE_STANDARD = "gnu++0x";
				CLANG_CXX_LIBRARY = "libc++";
				CLANG_ENABLE_MODULES = YES;
				CLANG_ENABLE_OBJC_ARC = YES;
				CLANG_WARN_BOOL_CONVERSION = YES;
				CLANG_WARN_CONSTANT_CONVERSION = YES;
				CLANG_WARN_DIRECT_OBJC_ISA_USAGE = YES_ERROR;
				CLANG_WARN_DOCUMENTATION_COMMENTS = YES;
				CLANG_WARN_EMPTY_BODY = YES;
				CLANG_WARN_ENUM_CONVERSION = YES;
				CLANG_WARN_INFINITE_RECURSION = YES;
				CLANG_WARN_INT_CONVERSION = YES;
				CLANG_WARN_OBJC_ROOT_CLASS = YES_ERROR;
				CLANG_WARN_SUSPICIOUS_MOVE = YES;
				CLANG_WARN_UNREACHABLE_CODE = YES;
				CLANG_WARN__DUPLICATE_METHOD_MATCH = YES;
				"CODE_SIGN_IDENTITY[sdk=iphoneos*]" = "iPhone Developer";
				COPY_PHASE_STRIP = NO;
				DEBUG_INFORMATION_FORMAT = "dwarf-with-dsym";
				ENABLE_NS_ASSERTIONS = NO;
				ENABLE_STRICT_OBJC_MSGSEND = YES;
				GCC_C_LANGUAGE_STANDARD = gnu99;
				GCC_NO_COMMON_BLOCKS = YES;
				GCC_WARN_64_TO_32_BIT_CONVERSION = YES;
				GCC_WARN_ABOUT_RETURN_TYPE = YES_ERROR;
				GCC_WARN_UNDECLARED_SELECTOR = YES;
				GCC_WARN_UNINITIALIZED_AUTOS = YES_AGGRESSIVE;
				GCC_WARN_UNUSED_FUNCTION = YES;
				GCC_WARN_UNUSED_VARIABLE = YES;
				IPHONEOS_DEPLOYMENT_TARGET = 10.3;
				MTL_ENABLE_DEBUG_INFO = NO;
				SDKROOT = iphoneos;
				TARGETED_DEVICE_FAMILY = "1,2";
				VALIDATE_PRODUCT = YES;
			};
			name = Release;
		};
		228F167E1F1B30A000AF90B2 /* Debug */ = {
			isa = XCBuildConfiguration;
			buildSettings = {
				ASSETCATALOG_COMPILER_APPICON_NAME = AppIcon;
				INFOPLIST_FILE = propertReview/Info.plist;
				LD_RUNPATH_SEARCH_PATHS = "$(inherited) @executable_path/Frameworks";
				PRODUCT_BUNDLE_IDENTIFIER = s.propertReview;
				PRODUCT_NAME = "$(TARGET_NAME)";
			};
			name = Debug;
		};
		228F167F1F1B30A000AF90B2 /* Release */ = {
			isa = XCBuildConfiguration;
			buildSettings = {
				ASSETCATALOG_COMPILER_APPICON_NAME = AppIcon;
				INFOPLIST_FILE = propertReview/Info.plist;
				LD_RUNPATH_SEARCH_PATHS = "$(inherited) @executable_path/Frameworks";
				PRODUCT_BUNDLE_IDENTIFIER = s.propertReview;
				PRODUCT_NAME = "$(TARGET_NAME)";
			};
			name = Release;
		};
/* End XCBuildConfiguration section */

/* Begin XCConfigurationList section */
		228F16611F1B30A000AF90B2 /* Build configuration list for PBXProject "propertReview" */ = {
			isa = XCConfigurationList;
			buildConfigurations = (
				228F167B1F1B30A000AF90B2 /* Debug */,
				228F167C1F1B30A000AF90B2 /* Release */,
			);
			defaultConfigurationIsVisible = 0;
			defaultConfigurationName = Release;
		};
		228F167D1F1B30A000AF90B2 /* Build configuration list for PBXNativeTarget "propertReview" */ = {
			isa = XCConfigurationList;
			buildConfigurations = (
				228F167E1F1B30A000AF90B2 /* Debug */,
				228F167F1F1B30A000AF90B2 /* Release */,
			);
			defaultConfigurationIsVisible = 0;
		};
/* End XCConfigurationList section */
	};
	rootObject = 228F165E1F1B30A000AF90B2 /* Project object */;
}
